
Microsoft Visual Studio Solution File, Format Version 12.00
# Visual Studio Version 17
VisualStudioVersion = 17.5.33627.172
MinimumVisualStudioVersion = 10.0.40219.1
Project("{9A19103F-16F7-4668-BE54-9A1E7A4F7556}") = "NPaperless.BusinessLogic.Interfaces", "NPaperless.BusinessLogic.Interfaces\NPaperless.BusinessLogic.Interfaces.csproj", "{E447579A-EE0E-491B-B5CA-94B3D8AF76EE}"
EndProject
Project("{9A19103F-16F7-4668-BE54-9A1E7A4F7556}") = "NPaperless.BusinessLogic", "NPaperless.BusinessLogic\NPaperless.BusinessLogic.csproj", "{215D39C1-5D41-4FF6-8BC3-AE4B40F5FD61}"
EndProject
Project("{9A19103F-16F7-4668-BE54-9A1E7A4F7556}") = "NPaperless.BusinessLogic.Entities", "NPaperless.BusinessLogic.Entities\NPaperless.BusinessLogic.Entities.csproj", "{BC262AC1-C415-41FD-BE7A-C961BCCBA523}"
EndProject
Project("{9A19103F-16F7-4668-BE54-9A1E7A4F7556}") = "NPaperless.REST", "NPaperless.REST\NPaperless.REST.csproj", "{4CCFD476-49E0-4FF1-9EE6-DDA69BC1E08F}"
EndProject
Project("{9A19103F-16F7-4668-BE54-9A1E7A4F7556}") = "NPaperless.BusinessLogic.Tests", "NPaperless.BusinessLogic.Tests\NPaperless.BusinessLogic.Tests.csproj", "{6CA0DA67-34A6-4522-9FB9-41916652CF07}"
EndProject
Global
	GlobalSection(SolutionConfigurationPlatforms) = preSolution
		Debug|Any CPU = Debug|Any CPU
		Release|Any CPU = Release|Any CPU
	EndGlobalSection
	GlobalSection(ProjectConfigurationPlatforms) = postSolution
		{E447579A-EE0E-491B-B5CA-94B3D8AF76EE}.Debug|Any CPU.ActiveCfg = Debug|Any CPU
		{E447579A-EE0E-491B-B5CA-94B3D8AF76EE}.Debug|Any CPU.Build.0 = Debug|Any CPU
		{E447579A-EE0E-491B-B5CA-94B3D8AF76EE}.Release|Any CPU.ActiveCfg = Release|Any CPU
		{E447579A-EE0E-491B-B5CA-94B3D8AF76EE}.Release|Any CPU.Build.0 = Release|Any CPU
		{215D39C1-5D41-4FF6-8BC3-AE4B40F5FD61}.Debug|Any CPU.ActiveCfg = Debug|Any CPU
		{215D39C1-5D41-4FF6-8BC3-AE4B40F5FD61}.Debug|Any CPU.Build.0 = Debug|Any CPU
		{215D39C1-5D41-4FF6-8BC3-AE4B40F5FD61}.Release|Any CPU.ActiveCfg = Release|Any CPU
		{215D39C1-5D41-4FF6-8BC3-AE4B40F5FD61}.Release|Any CPU.Build.0 = Release|Any CPU
		{BC262AC1-C415-41FD-BE7A-C961BCCBA523}.Debug|Any CPU.ActiveCfg = Debug|Any CPU
		{BC262AC1-C415-41FD-BE7A-C961BCCBA523}.Debug|Any CPU.Build.0 = Debug|Any CPU
		{BC262AC1-C415-41FD-BE7A-C961BCCBA523}.Release|Any CPU.ActiveCfg = Release|Any CPU
		{BC262AC1-C415-41FD-BE7A-C961BCCBA523}.Release|Any CPU.Build.0 = Release|Any CPU
		{4CCFD476-49E0-4FF1-9EE6-DDA69BC1E08F}.Debug|Any CPU.ActiveCfg = Debug|Any CPU
		{4CCFD476-49E0-4FF1-9EE6-DDA69BC1E08F}.Debug|Any CPU.Build.0 = Debug|Any CPU
		{4CCFD476-49E0-4FF1-9EE6-DDA69BC1E08F}.Release|Any CPU.ActiveCfg = Release|Any CPU
		{4CCFD476-49E0-4FF1-9EE6-DDA69BC1E08F}.Release|Any CPU.Build.0 = Release|Any CPU
		{6CA0DA67-34A6-4522-9FB9-41916652CF07}.Debug|Any CPU.ActiveCfg = Debug|Any CPU
		{6CA0DA67-34A6-4522-9FB9-41916652CF07}.Debug|Any CPU.Build.0 = Debug|Any CPU
		{6CA0DA67-34A6-4522-9FB9-41916652CF07}.Release|Any CPU.ActiveCfg = Release|Any CPU
		{6CA0DA67-34A6-4522-9FB9-41916652CF07}.Release|Any CPU.Build.0 = Release|Any CPU
	EndGlobalSection
	GlobalSection(SolutionProperties) = preSolution
		HideSolutionNode = FALSE
	EndGlobalSection
	GlobalSection(ExtensibilityGlobals) = postSolution
		SolutionGuid = {EC215CB5-1530-4BAA-B738-499F4AC17EA7}
	EndGlobalSection
EndGlobal
